
Microsoft Visual Studio Solution File, Format Version 11.00
# Visual Studio 2010
Project("{FAE04EC0-301F-11D3-BF4B-00C04F79EFBC}") = "RFQEventReceiver", "RFQEventReceiver\RFQEventReceiver.csproj", "{8DB73518-9A2D-4E94-8246-6540DAA12BAA}"
EndProject
Global
	GlobalSection(SolutionConfigurationPlatforms) = preSolution
		Debug|Any CPU = Debug|Any CPU
		Release|Any CPU = Release|Any CPU
	EndGlobalSection
	GlobalSection(ProjectConfigurationPlatforms) = postSolution
		{8DB73518-9A2D-4E94-8246-6540DAA12BAA}.Debug|Any CPU.ActiveCfg = Debug|Any CPU
		{8DB73518-9A2D-4E94-8246-6540DAA12BAA}.Debug|Any CPU.Build.0 = Debug|Any CPU
		{8DB73518-9A2D-4E94-8246-6540DAA12BAA}.Debug|Any CPU.Deploy.0 = Debug|Any CPU
		{8DB73518-9A2D-4E94-8246-6540DAA12BAA}.Release|Any CPU.ActiveCfg = Release|Any CPU
		{8DB73518-9A2D-4E94-8246-6540DAA12BAA}.Release|Any CPU.Build.0 = Release|Any CPU
		{8DB73518-9A2D-4E94-8246-6540DAA12BAA}.Release|Any CPU.Deploy.0 = Release|Any CPU
	EndGlobalSection
	GlobalSection(SolutionProperties) = preSolution
		HideSolutionNode = FALSE
	EndGlobalSection
EndGlobal
